// !$*UTF8*$!
{
	archiveVersion = 1;
	classes = {
	};
	objectVersion = 46;
	objects = {

/* Begin PBXBuildFile section */
		151F26A1198B5B980076F453 /* Foundation.framework in Frameworks */ = {isa = PBXBuildFile; fileRef = 151F26A0198B5B980076F453 /* Foundation.framework */; };
		151F26A3198B5B980076F453 /* CoreGraphics.framework in Frameworks */ = {isa = PBXBuildFile; fileRef = 151F26A2198B5B980076F453 /* CoreGraphics.framework */; };
		151F26A5198B5B980076F453 /* UIKit.framework in Frameworks */ = {isa = PBXBuildFile; fileRef = 151F26A4198B5B980076F453 /* UIKit.framework */; };
		151F26AB198B5B980076F453 /* InfoPlist.strings in Resources */ = {isa = PBXBuildFile; fileRef = 151F26A9198B5B980076F453 /* InfoPlist.strings */; };
		151F26AD198B5B980076F453 /* main.m in Sources */ = {isa = PBXBuildFile; fileRef = 151F26AC198B5B980076F453 /* main.m */; };
		151F26B1198B5B980076F453 /* ISAppDelegate.m in Sources */ = {isa = PBXBuildFile; fileRef = 151F26B0198B5B980076F453 /* ISAppDelegate.m */; };
		151F26B3198B5B980076F453 /* Images.xcassets in Resources */ = {isa = PBXBuildFile; fileRef = 151F26B2198B5B980076F453 /* Images.xcassets */; };
		151F26BA198B5B990076F453 /* XCTest.framework in Frameworks */ = {isa = PBXBuildFile; fileRef = 151F26B9198B5B990076F453 /* XCTest.framework */; };
		151F26BB198B5B990076F453 /* Foundation.framework in Frameworks */ = {isa = PBXBuildFile; fileRef = 151F26A0198B5B980076F453 /* Foundation.framework */; };
		151F26BC198B5B990076F453 /* UIKit.framework in Frameworks */ = {isa = PBXBuildFile; fileRef = 151F26A4198B5B980076F453 /* UIKit.framework */; };
		151F26C4198B5B990076F453 /* InfoPlist.strings in Resources */ = {isa = PBXBuildFile; fileRef = 151F26C2198B5B990076F453 /* InfoPlist.strings */; };
		151F26C6198B5B990076F453 /* AstraTests.m in Sources */ = {isa = PBXBuildFile; fileRef = 151F26C5198B5B990076F453 /* AstraTests.m */; };
		151F26D4198B5C320076F453 /* ISHomeViewController.m in Sources */ = {isa = PBXBuildFile; fileRef = 151F26D3198B5C320076F453 /* ISHomeViewController.m */; };
		151F26D7198B5E9D0076F453 /* ISMainTableViewController.m in Sources */ = {isa = PBXBuildFile; fileRef = 151F26D6198B5E9D0076F453 /* ISMainTableViewController.m */; };
		151F26DA198B9AFE0076F453 /* ISCategoriesTableViewController.m in Sources */ = {isa = PBXBuildFile; fileRef = 151F26D9198B9AFE0076F453 /* ISCategoriesTableViewController.m */; };
		151F26DD198C14F60076F453 /* FCActionSheet.m in Sources */ = {isa = PBXBuildFile; fileRef = 151F26DC198C14F60076F453 /* FCActionSheet.m */; };
		154F33D8198FEA4500A3281E /* RDVCalendarDayCell.m in Sources */ = {isa = PBXBuildFile; fileRef = 154F33D3198FEA4500A3281E /* RDVCalendarDayCell.m */; };
		154F33D9198FEA4500A3281E /* RDVCalendarView.m in Sources */ = {isa = PBXBuildFile; fileRef = 154F33D5198FEA4500A3281E /* RDVCalendarView.m */; };
		154F33DA198FEA4500A3281E /* RDVCalendarViewController.m in Sources */ = {isa = PBXBuildFile; fileRef = 154F33D7198FEA4500A3281E /* RDVCalendarViewController.m */; };
		15AE48DB199543A200AD9DB2 /* ISEventOffriskTableViewController.m in Sources */ = {isa = PBXBuildFile; fileRef = 15AE48DA199543A200AD9DB2 /* ISEventOffriskTableViewController.m */; };
		15AE48DE19954B4F00AD9DB2 /* IS6ColTableViewCell.m in Sources */ = {isa = PBXBuildFile; fileRef = 15AE48DC19954B4F00AD9DB2 /* IS6ColTableViewCell.m */; };
		15AE48E119955CB600AD9DB2 /* ISEventRenewalTableViewController.m in Sources */ = {isa = PBXBuildFile; fileRef = 15AE48DF19955CB600AD9DB2 /* ISEventRenewalTableViewController.m */; };
		15AE48E41996871700AD9DB2 /* ISManagePolicyTableViewController.m in Sources */ = {isa = PBXBuildFile; fileRef = 15AE48E31996871700AD9DB2 /* ISManagePolicyTableViewController.m */; };
		15AE48E719968C7B00AD9DB2 /* ISManageClaimTableViewController.m in Sources */ = {isa = PBXBuildFile; fileRef = 15AE48E519968C7B00AD9DB2 /* ISManageClaimTableViewController.m */; };
		15AE48EA19968F1200AD9DB2 /* ISRiskTipsTableViewController.m in Sources */ = {isa = PBXBuildFile; fileRef = 15AE48E819968F1200AD9DB2 /* ISRiskTipsTableViewController.m */; };
		15AE48ED19977B5400AD9DB2 /* ISCalendarCell.m in Sources */ = {isa = PBXBuildFile; fileRef = 15AE48EC19977B5400AD9DB2 /* ISCalendarCell.m */; };
		15AE48F019979B8200AD9DB2 /* CMPopTipView.m in Sources */ = {isa = PBXBuildFile; fileRef = 15AE48EF19979B8200AD9DB2 /* CMPopTipView.m */; };
		15AE48FC19979C5700AD9DB2 /* ALActionBlockWrapper.m in Sources */ = {isa = PBXBuildFile; fileRef = 15AE48F519979C5700AD9DB2 /* ALActionBlockWrapper.m */; };
		15AE48FD19979C5700AD9DB2 /* UIBarButtonItem+ALActionBlocks.m in Sources */ = {isa = PBXBuildFile; fileRef = 15AE48F719979C5700AD9DB2 /* UIBarButtonItem+ALActionBlocks.m */; };
		15AE48FE19979C5700AD9DB2 /* UIControl+ALActionBlocks.m in Sources */ = {isa = PBXBuildFile; fileRef = 15AE48F919979C5700AD9DB2 /* UIControl+ALActionBlocks.m */; };
		15AE48FF19979C5700AD9DB2 /* UIGestureRecognizer+ALActionBlocks.m in Sources */ = {isa = PBXBuildFile; fileRef = 15AE48FB19979C5700AD9DB2 /* UIGestureRecognizer+ALActionBlocks.m */; };
		15AE49031997B61C00AD9DB2 /* ISManagePolicyDetailTableViewController.m in Sources */ = {isa = PBXBuildFile; fileRef = 15AE49021997B61C00AD9DB2 /* ISManagePolicyDetailTableViewController.m */; };
		15AE49061997BAC300AD9DB2 /* IS5ColTableViewCell.m in Sources */ = {isa = PBXBuildFile; fileRef = 15AE49051997BAC300AD9DB2 /* IS5ColTableViewCell.m */; };
		15AE49091997BD5000AD9DB2 /* ISManagePolicyObjectsTableViewController.m in Sources */ = {isa = PBXBuildFile; fileRef = 15AE49081997BD5000AD9DB2 /* ISManagePolicyObjectsTableViewController.m */; };
		15AE490C1997C64100AD9DB2 /* ISManageClaimDetailTableViewController.m in Sources */ = {isa = PBXBuildFile; fileRef = 15AE490B1997C64100AD9DB2 /* ISManageClaimDetailTableViewController.m */; };
		15AE490F1997C9D800AD9DB2 /* IS7ColTableViewCell.m in Sources */ = {isa = PBXBuildFile; fileRef = 15AE490E1997C9D800AD9DB2 /* IS7ColTableViewCell.m */; };
		15AE49121997CC7D00AD9DB2 /* ISPremiumBudgetTableViewController.m in Sources */ = {isa = PBXBuildFile; fileRef = 15AE49111997CC7D00AD9DB2 /* ISPremiumBudgetTableViewController.m */; };
		15AE49151997D7F800AD9DB2 /* IS4ColTableViewCell.m in Sources */ = {isa = PBXBuildFile; fileRef = 15AE49141997D7F800AD9DB2 /* IS4ColTableViewCell.m */; };
		15AE49181997DBFD00AD9DB2 /* ISMonthlyPremiumBudgetTableViewController.m in Sources */ = {isa = PBXBuildFile; fileRef = 15AE49171997DBFD00AD9DB2 /* ISMonthlyPremiumBudgetTableViewController.m */; };
		15D6E8AE1992999D00D60812 /* ISProfileTableViewController.m in Sources */ = {isa = PBXBuildFile; fileRef = 15D6E8AD1992999D00D60812 /* ISProfileTableViewController.m */; };
		15D6E8B11992A1AF00D60812 /* ISProfileTableViewCell.m in Sources */ = {isa = PBXBuildFile; fileRef = 15D6E8B01992A1AF00D60812 /* ISProfileTableViewCell.m */; };
		15D6E8B61992B02400D60812 /* Localizable.strings in Resources */ = {isa = PBXBuildFile; fileRef = 15D6E8B81992B02400D60812 /* Localizable.strings */; };
		15EBC8251993FF720011F765 /* ISLanguageTableViewController.m in Sources */ = {isa = PBXBuildFile; fileRef = 15EBC8241993FF720011F765 /* ISLanguageTableViewController.m */; };
/* End PBXBuildFile section */

/* Begin PBXContainerItemProxy section */
		151F26BD198B5B990076F453 /* PBXContainerItemProxy */ = {
			isa = PBXContainerItemProxy;
			containerPortal = 151F2695198B5B980076F453 /* Project object */;
			proxyType = 1;
			remoteGlobalIDString = 151F269C198B5B980076F453;
			remoteInfo = Astra;
		};
/* End PBXContainerItemProxy section */

/* Begin PBXFileReference section */
		151F269D198B5B980076F453 /* Astra.app */ = {isa = PBXFileReference; explicitFileType = wrapper.application; includeInIndex = 0; path = Astra.app; sourceTree = BUILT_PRODUCTS_DIR; };
		151F26A0198B5B980076F453 /* Foundation.framework */ = {isa = PBXFileReference; lastKnownFileType = wrapper.framework; name = Foundation.framework; path = System/Library/Frameworks/Foundation.framework; sourceTree = SDKROOT; };
		151F26A2198B5B980076F453 /* CoreGraphics.framework */ = {isa = PBXFileReference; lastKnownFileType = wrapper.framework; name = CoreGraphics.framework; path = System/Library/Frameworks/CoreGraphics.framework; sourceTree = SDKROOT; };
		151F26A4198B5B980076F453 /* UIKit.framework */ = {isa = PBXFileReference; lastKnownFileType = wrapper.framework; name = UIKit.framework; path = System/Library/Frameworks/UIKit.framework; sourceTree = SDKROOT; };
		151F26A8198B5B980076F453 /* Astra-Info.plist */ = {isa = PBXFileReference; lastKnownFileType = text.plist.xml; path = "Astra-Info.plist"; sourceTree = "<group>"; };
		151F26AA198B5B980076F453 /* en */ = {isa = PBXFileReference; lastKnownFileType = text.plist.strings; name = en; path = en.lproj/InfoPlist.strings; sourceTree = "<group>"; };
		151F26AC198B5B980076F453 /* main.m */ = {isa = PBXFileReference; lastKnownFileType = sourcecode.c.objc; path = main.m; sourceTree = "<group>"; };
		151F26AE198B5B980076F453 /* Astra-Prefix.pch */ = {isa = PBXFileReference; lastKnownFileType = sourcecode.c.h; path = "Astra-Prefix.pch"; sourceTree = "<group>"; };
		151F26AF198B5B980076F453 /* ISAppDelegate.h */ = {isa = PBXFileReference; lastKnownFileType = sourcecode.c.h; path = ISAppDelegate.h; sourceTree = "<group>"; };
		151F26B0198B5B980076F453 /* ISAppDelegate.m */ = {isa = PBXFileReference; lastKnownFileType = sourcecode.c.objc; path = ISAppDelegate.m; sourceTree = "<group>"; };
		151F26B2198B5B980076F453 /* Images.xcassets */ = {isa = PBXFileReference; lastKnownFileType = folder.assetcatalog; path = Images.xcassets; sourceTree = "<group>"; };
		151F26B8198B5B990076F453 /* AstraTests.xctest */ = {isa = PBXFileReference; explicitFileType = wrapper.cfbundle; includeInIndex = 0; path = AstraTests.xctest; sourceTree = BUILT_PRODUCTS_DIR; };
		151F26B9198B5B990076F453 /* XCTest.framework */ = {isa = PBXFileReference; lastKnownFileType = wrapper.framework; name = XCTest.framework; path = Library/Frameworks/XCTest.framework; sourceTree = DEVELOPER_DIR; };
		151F26C1198B5B990076F453 /* AstraTests-Info.plist */ = {isa = PBXFileReference; lastKnownFileType = text.plist.xml; path = "AstraTests-Info.plist"; sourceTree = "<group>"; };
		151F26C3198B5B990076F453 /* en */ = {isa = PBXFileReference; lastKnownFileType = text.plist.strings; name = en; path = en.lproj/InfoPlist.strings; sourceTree = "<group>"; };
		151F26C5198B5B990076F453 /* AstraTests.m */ = {isa = PBXFileReference; lastKnownFileType = sourcecode.c.objc; path = AstraTests.m; sourceTree = "<group>"; };
		151F26D2198B5C320076F453 /* ISHomeViewController.h */ = {isa = PBXFileReference; fileEncoding = 4; lastKnownFileType = sourcecode.c.h; path = ISHomeViewController.h; sourceTree = "<group>"; };
		151F26D3198B5C320076F453 /* ISHomeViewController.m */ = {isa = PBXFileReference; fileEncoding = 4; lastKnownFileType = sourcecode.c.objc; path = ISHomeViewController.m; sourceTree = "<group>"; };
		151F26D5198B5E9D0076F453 /* ISMainTableViewController.h */ = {isa = PBXFileReference; fileEncoding = 4; lastKnownFileType = sourcecode.c.h; path = ISMainTableViewController.h; sourceTree = "<group>"; };
		151F26D6198B5E9D0076F453 /* ISMainTableViewController.m */ = {isa = PBXFileReference; fileEncoding = 4; lastKnownFileType = sourcecode.c.objc; path = ISMainTableViewController.m; sourceTree = "<group>"; };
		151F26D8198B9AFE0076F453 /* ISCategoriesTableViewController.h */ = {isa = PBXFileReference; fileEncoding = 4; lastKnownFileType = sourcecode.c.h; path = ISCategoriesTableViewController.h; sourceTree = "<group>"; };
		151F26D9198B9AFE0076F453 /* ISCategoriesTableViewController.m */ = {isa = PBXFileReference; fileEncoding = 4; lastKnownFileType = sourcecode.c.objc; path = ISCategoriesTableViewController.m; sourceTree = "<group>"; };
		151F26DB198C14F60076F453 /* FCActionSheet.h */ = {isa = PBXFileReference; fileEncoding = 4; lastKnownFileType = sourcecode.c.h; path = FCActionSheet.h; sourceTree = "<group>"; };
		151F26DC198C14F60076F453 /* FCActionSheet.m */ = {isa = PBXFileReference; fileEncoding = 4; lastKnownFileType = sourcecode.c.objc; path = FCActionSheet.m; sourceTree = "<group>"; };
		154F33D2198FEA4500A3281E /* RDVCalendarDayCell.h */ = {isa = PBXFileReference; fileEncoding = 4; lastKnownFileType = sourcecode.c.h; path = RDVCalendarDayCell.h; sourceTree = "<group>"; };
		154F33D3198FEA4500A3281E /* RDVCalendarDayCell.m */ = {isa = PBXFileReference; fileEncoding = 4; lastKnownFileType = sourcecode.c.objc; path = RDVCalendarDayCell.m; sourceTree = "<group>"; };
		154F33D4198FEA4500A3281E /* RDVCalendarView.h */ = {isa = PBXFileReference; fileEncoding = 4; lastKnownFileType = sourcecode.c.h; path = RDVCalendarView.h; sourceTree = "<group>"; };
		154F33D5198FEA4500A3281E /* RDVCalendarView.m */ = {isa = PBXFileReference; fileEncoding = 4; lastKnownFileType = sourcecode.c.objc; path = RDVCalendarView.m; sourceTree = "<group>"; };
		154F33D6198FEA4500A3281E /* RDVCalendarViewController.h */ = {isa = PBXFileReference; fileEncoding = 4; lastKnownFileType = sourcecode.c.h; path = RDVCalendarViewController.h; sourceTree = "<group>"; };
		154F33D7198FEA4500A3281E /* RDVCalendarViewController.m */ = {isa = PBXFileReference; fileEncoding = 4; lastKnownFileType = sourcecode.c.objc; path = RDVCalendarViewController.m; sourceTree = "<group>"; };
		15AE48D9199543A200AD9DB2 /* ISEventOffriskTableViewController.h */ = {isa = PBXFileReference; fileEncoding = 4; lastKnownFileType = sourcecode.c.h; path = ISEventOffriskTableViewController.h; sourceTree = "<group>"; };
		15AE48DA199543A200AD9DB2 /* ISEventOffriskTableViewController.m */ = {isa = PBXFileReference; fileEncoding = 4; lastKnownFileType = sourcecode.c.objc; path = ISEventOffriskTableViewController.m; sourceTree = "<group>"; };
		15AE48DC19954B4F00AD9DB2 /* IS6ColTableViewCell.m */ = {isa = PBXFileReference; fileEncoding = 4; lastKnownFileType = sourcecode.c.objc; path = IS6ColTableViewCell.m; sourceTree = "<group>"; };
		15AE48DD19954B4F00AD9DB2 /* IS6ColTableViewCell.h */ = {isa = PBXFileReference; fileEncoding = 4; lastKnownFileType = sourcecode.c.h; path = IS6ColTableViewCell.h; sourceTree = "<group>"; };
		15AE48DF19955CB600AD9DB2 /* ISEventRenewalTableViewController.m */ = {isa = PBXFileReference; fileEncoding = 4; lastKnownFileType = sourcecode.c.objc; path = ISEventRenewalTableViewController.m; sourceTree = "<group>"; };
		15AE48E019955CB600AD9DB2 /* ISEventRenewalTableViewController.h */ = {isa = PBXFileReference; fileEncoding = 4; lastKnownFileType = sourcecode.c.h; path = ISEventRenewalTableViewController.h; sourceTree = "<group>"; };
		15AE48E21996871700AD9DB2 /* ISManagePolicyTableViewController.h */ = {isa = PBXFileReference; fileEncoding = 4; lastKnownFileType = sourcecode.c.h; path = ISManagePolicyTableViewController.h; sourceTree = "<group>"; };
		15AE48E31996871700AD9DB2 /* ISManagePolicyTableViewController.m */ = {isa = PBXFileReference; fileEncoding = 4; lastKnownFileType = sourcecode.c.objc; path = ISManagePolicyTableViewController.m; sourceTree = "<group>"; };
		15AE48E519968C7B00AD9DB2 /* ISManageClaimTableViewController.m */ = {isa = PBXFileReference; fileEncoding = 4; lastKnownFileType = sourcecode.c.objc; path = ISManageClaimTableViewController.m; sourceTree = "<group>"; };
		15AE48E619968C7B00AD9DB2 /* ISManageClaimTableViewController.h */ = {isa = PBXFileReference; fileEncoding = 4; lastKnownFileType = sourcecode.c.h; path = ISManageClaimTableViewController.h; sourceTree = "<group>"; };
		15AE48E819968F1200AD9DB2 /* ISRiskTipsTableViewController.m */ = {isa = PBXFileReference; fileEncoding = 4; lastKnownFileType = sourcecode.c.objc; path = ISRiskTipsTableViewController.m; sourceTree = "<group>"; };
		15AE48E919968F1200AD9DB2 /* ISRiskTipsTableViewController.h */ = {isa = PBXFileReference; fileEncoding = 4; lastKnownFileType = sourcecode.c.h; path = ISRiskTipsTableViewController.h; sourceTree = "<group>"; };
		15AE48EB19977B5400AD9DB2 /* ISCalendarCell.h */ = {isa = PBXFileReference; fileEncoding = 4; lastKnownFileType = sourcecode.c.h; path = ISCalendarCell.h; sourceTree = "<group>"; };
		15AE48EC19977B5400AD9DB2 /* ISCalendarCell.m */ = {isa = PBXFileReference; fileEncoding = 4; lastKnownFileType = sourcecode.c.objc; path = ISCalendarCell.m; sourceTree = "<group>"; };
		15AE48EE19979B8200AD9DB2 /* CMPopTipView.h */ = {isa = PBXFileReference; fileEncoding = 4; lastKnownFileType = sourcecode.c.h; path = CMPopTipView.h; sourceTree = "<group>"; };
		15AE48EF19979B8200AD9DB2 /* CMPopTipView.m */ = {isa = PBXFileReference; fileEncoding = 4; lastKnownFileType = sourcecode.c.objc; path = CMPopTipView.m; sourceTree = "<group>"; };
		15AE48F219979C5700AD9DB2 /* ALActionBlock.h */ = {isa = PBXFileReference; fileEncoding = 4; lastKnownFileType = sourcecode.c.h; path = ALActionBlock.h; sourceTree = "<group>"; };
		15AE48F319979C5700AD9DB2 /* ALActionBlocks.h */ = {isa = PBXFileReference; fileEncoding = 4; lastKnownFileType = sourcecode.c.h; path = ALActionBlocks.h; sourceTree = "<group>"; };
		15AE48F419979C5700AD9DB2 /* ALActionBlockWrapper.h */ = {isa = PBXFileReference; fileEncoding = 4; lastKnownFileType = sourcecode.c.h; path = ALActionBlockWrapper.h; sourceTree = "<group>"; };
		15AE48F519979C5700AD9DB2 /* ALActionBlockWrapper.m */ = {isa = PBXFileReference; fileEncoding = 4; lastKnownFileType = sourcecode.c.objc; path = ALActionBlockWrapper.m; sourceTree = "<group>"; };
		15AE48F619979C5700AD9DB2 /* UIBarButtonItem+ALActionBlocks.h */ = {isa = PBXFileReference; fileEncoding = 4; lastKnownFileType = sourcecode.c.h; path = "UIBarButtonItem+ALActionBlocks.h"; sourceTree = "<group>"; };
		15AE48F719979C5700AD9DB2 /* UIBarButtonItem+ALActionBlocks.m */ = {isa = PBXFileReference; fileEncoding = 4; lastKnownFileType = sourcecode.c.objc; path = "UIBarButtonItem+ALActionBlocks.m"; sourceTree = "<group>"; };
		15AE48F819979C5700AD9DB2 /* UIControl+ALActionBlocks.h */ = {isa = PBXFileReference; fileEncoding = 4; lastKnownFileType = sourcecode.c.h; path = "UIControl+ALActionBlocks.h"; sourceTree = "<group>"; };
		15AE48F919979C5700AD9DB2 /* UIControl+ALActionBlocks.m */ = {isa = PBXFileReference; fileEncoding = 4; lastKnownFileType = sourcecode.c.objc; path = "UIControl+ALActionBlocks.m"; sourceTree = "<group>"; };
		15AE48FA19979C5700AD9DB2 /* UIGestureRecognizer+ALActionBlocks.h */ = {isa = PBXFileReference; fileEncoding = 4; lastKnownFileType = sourcecode.c.h; path = "UIGestureRecognizer+ALActionBlocks.h"; sourceTree = "<group>"; };
		15AE48FB19979C5700AD9DB2 /* UIGestureRecognizer+ALActionBlocks.m */ = {isa = PBXFileReference; fileEncoding = 4; lastKnownFileType = sourcecode.c.objc; path = "UIGestureRecognizer+ALActionBlocks.m"; sourceTree = "<group>"; };
		15AE49011997B61C00AD9DB2 /* ISManagePolicyDetailTableViewController.h */ = {isa = PBXFileReference; fileEncoding = 4; lastKnownFileType = sourcecode.c.h; path = ISManagePolicyDetailTableViewController.h; sourceTree = "<group>"; };
		15AE49021997B61C00AD9DB2 /* ISManagePolicyDetailTableViewController.m */ = {isa = PBXFileReference; fileEncoding = 4; lastKnownFileType = sourcecode.c.objc; path = ISManagePolicyDetailTableViewController.m; sourceTree = "<group>"; };
		15AE49041997BAC300AD9DB2 /* IS5ColTableViewCell.h */ = {isa = PBXFileReference; fileEncoding = 4; lastKnownFileType = sourcecode.c.h; path = IS5ColTableViewCell.h; sourceTree = "<group>"; };
		15AE49051997BAC300AD9DB2 /* IS5ColTableViewCell.m */ = {isa = PBXFileReference; fileEncoding = 4; lastKnownFileType = sourcecode.c.objc; path = IS5ColTableViewCell.m; sourceTree = "<group>"; };
		15AE49071997BD5000AD9DB2 /* ISManagePolicyObjectsTableViewController.h */ = {isa = PBXFileReference; fileEncoding = 4; lastKnownFileType = sourcecode.c.h; path = ISManagePolicyObjectsTableViewController.h; sourceTree = "<group>"; };
		15AE49081997BD5000AD9DB2 /* ISManagePolicyObjectsTableViewController.m */ = {isa = PBXFileReference; fileEncoding = 4; lastKnownFileType = sourcecode.c.objc; path = ISManagePolicyObjectsTableViewController.m; sourceTree = "<group>"; };
		15AE490A1997C64100AD9DB2 /* ISManageClaimDetailTableViewController.h */ = {isa = PBXFileReference; fileEncoding = 4; lastKnownFileType = sourcecode.c.h; path = ISManageClaimDetailTableViewController.h; sourceTree = "<group>"; };
		15AE490B1997C64100AD9DB2 /* ISManageClaimDetailTableViewController.m */ = {isa = PBXFileReference; fileEncoding = 4; lastKnownFileType = sourcecode.c.objc; path = ISManageClaimDetailTableViewController.m; sourceTree = "<group>"; };
		15AE490D1997C9D800AD9DB2 /* IS7ColTableViewCell.h */ = {isa = PBXFileReference; fileEncoding = 4; lastKnownFileType = sourcecode.c.h; path = IS7ColTableViewCell.h; sourceTree = "<group>"; };
		15AE490E1997C9D800AD9DB2 /* IS7ColTableViewCell.m */ = {isa = PBXFileReference; fileEncoding = 4; lastKnownFileType = sourcecode.c.objc; path = IS7ColTableViewCell.m; sourceTree = "<group>"; };
		15AE49101997CC7D00AD9DB2 /* ISPremiumBudgetTableViewController.h */ = {isa = PBXFileReference; fileEncoding = 4; lastKnownFileType = sourcecode.c.h; path = ISPremiumBudgetTableViewController.h; sourceTree = "<group>"; };
		15AE49111997CC7D00AD9DB2 /* ISPremiumBudgetTableViewController.m */ = {isa = PBXFileReference; fileEncoding = 4; lastKnownFileType = sourcecode.c.objc; path = ISPremiumBudgetTableViewController.m; sourceTree = "<group>"; };
		15AE49131997D7F800AD9DB2 /* IS4ColTableViewCell.h */ = {isa = PBXFileReference; fileEncoding = 4; lastKnownFileType = sourcecode.c.h; path = IS4ColTableViewCell.h; sourceTree = "<group>"; };
		15AE49141997D7F800AD9DB2 /* IS4ColTableViewCell.m */ = {isa = PBXFileReference; fileEncoding = 4; lastKnownFileType = sourcecode.c.objc; path = IS4ColTableViewCell.m; sourceTree = "<group>"; };
		15AE49161997DBFD00AD9DB2 /* ISMonthlyPremiumBudgetTableViewController.h */ = {isa = PBXFileReference; fileEncoding = 4; lastKnownFileType = sourcecode.c.h; path = ISMonthlyPremiumBudgetTableViewController.h; sourceTree = "<group>"; };
		15AE49171997DBFD00AD9DB2 /* ISMonthlyPremiumBudgetTableViewController.m */ = {isa = PBXFileReference; fileEncoding = 4; lastKnownFileType = sourcecode.c.objc; path = ISMonthlyPremiumBudgetTableViewController.m; sourceTree = "<group>"; };
		15D6E8AC1992999D00D60812 /* ISProfileTableViewController.h */ = {isa = PBXFileReference; fileEncoding = 4; lastKnownFileType = sourcecode.c.h; path = ISProfileTableViewController.h; sourceTree = "<group>"; };
		15D6E8AD1992999D00D60812 /* ISProfileTableViewController.m */ = {isa = PBXFileReference; fileEncoding = 4; lastKnownFileType = sourcecode.c.objc; path = ISProfileTableViewController.m; sourceTree = "<group>"; };
		15D6E8AF1992A1AF00D60812 /* ISProfileTableViewCell.h */ = {isa = PBXFileReference; fileEncoding = 4; lastKnownFileType = sourcecode.c.h; path = ISProfileTableViewCell.h; sourceTree = "<group>"; };
		15D6E8B01992A1AF00D60812 /* ISProfileTableViewCell.m */ = {isa = PBXFileReference; fileEncoding = 4; lastKnownFileType = sourcecode.c.objc; path = ISProfileTableViewCell.m; sourceTree = "<group>"; };
		15D6E8B41992AFCC00D60812 /* id */ = {isa = PBXFileReference; lastKnownFileType = text.plist.strings; name = id; path = id.lproj/InfoPlist.strings; sourceTree = "<group>"; };
		15D6E8B51992AFCC00D60812 /* id */ = {isa = PBXFileReference; lastKnownFileType = text.plist.strings; name = id; path = id.lproj/InfoPlist.strings; sourceTree = "<group>"; };
		15D6E8B71992B02400D60812 /* en */ = {isa = PBXFileReference; lastKnownFileType = text.plist.strings; name = en; path = en.lproj/Localizable.strings; sourceTree = "<group>"; };
		15D6E8B91992B05B00D60812 /* id */ = {isa = PBXFileReference; lastKnownFileType = text.plist.strings; name = id; path = id.lproj/Localizable.strings; sourceTree = "<group>"; };
		15EBC8231993FF720011F765 /* ISLanguageTableViewController.h */ = {isa = PBXFileReference; fileEncoding = 4; lastKnownFileType = sourcecode.c.h; path = ISLanguageTableViewController.h; sourceTree = "<group>"; };
		15EBC8241993FF720011F765 /* ISLanguageTableViewController.m */ = {isa = PBXFileReference; fileEncoding = 4; lastKnownFileType = sourcecode.c.objc; path = ISLanguageTableViewController.m; sourceTree = "<group>"; };
/* End PBXFileReference section */

/* Begin PBXFrameworksBuildPhase section */
		151F269A198B5B980076F453 /* Frameworks */ = {
			isa = PBXFrameworksBuildPhase;
			buildActionMask = 2147483647;
			files = (
				151F26A3198B5B980076F453 /* CoreGraphics.framework in Frameworks */,
				151F26A5198B5B980076F453 /* UIKit.framework in Frameworks */,
				151F26A1198B5B980076F453 /* Foundation.framework in Frameworks */,
			);
			runOnlyForDeploymentPostprocessing = 0;
		};
		151F26B5198B5B990076F453 /* Frameworks */ = {
			isa = PBXFrameworksBuildPhase;
			buildActionMask = 2147483647;
			files = (
				151F26BA198B5B990076F453 /* XCTest.framework in Frameworks */,
				151F26BC198B5B990076F453 /* UIKit.framework in Frameworks */,
				151F26BB198B5B990076F453 /* Foundation.framework in Frameworks */,
			);
			runOnlyForDeploymentPostprocessing = 0;
		};
/* End PBXFrameworksBuildPhase section */

/* Begin PBXGroup section */
		151F2694198B5B980076F453 = {
			isa = PBXGroup;
			children = (
				151F26A6198B5B980076F453 /* Astra */,
				151F26BF198B5B990076F453 /* AstraTests */,
				151F269F198B5B980076F453 /* Frameworks */,
				151F269E198B5B980076F453 /* Products */,
				15D6E8B81992B02400D60812 /* Localizable.strings */,
			);
			sourceTree = "<group>";
		};
		151F269E198B5B980076F453 /* Products */ = {
			isa = PBXGroup;
			children = (
				151F269D198B5B980076F453 /* Astra.app */,
				151F26B8198B5B990076F453 /* AstraTests.xctest */,
			);
			name = Products;
			sourceTree = "<group>";
		};
		151F269F198B5B980076F453 /* Frameworks */ = {
			isa = PBXGroup;
			children = (
				151F26A0198B5B980076F453 /* Foundation.framework */,
				151F26A2198B5B980076F453 /* CoreGraphics.framework */,
				151F26A4198B5B980076F453 /* UIKit.framework */,
				151F26B9198B5B990076F453 /* XCTest.framework */,
			);
			name = Frameworks;
			sourceTree = "<group>";
		};
		151F26A6198B5B980076F453 /* Astra */ = {
			isa = PBXGroup;
			children = (
				151F26AF198B5B980076F453 /* ISAppDelegate.h */,
				151F26B0198B5B980076F453 /* ISAppDelegate.m */,
				151F26B2198B5B980076F453 /* Images.xcassets */,
				151F26A7198B5B980076F453 /* Supporting Files */,
				151F26D5198B5E9D0076F453 /* ISMainTableViewController.h */,
				151F26D6198B5E9D0076F453 /* ISMainTableViewController.m */,
				15EBC8231993FF720011F765 /* ISLanguageTableViewController.h */,
				15EBC8241993FF720011F765 /* ISLanguageTableViewController.m */,
				151F26D8198B9AFE0076F453 /* ISCategoriesTableViewController.h */,
				151F26D9198B9AFE0076F453 /* ISCategoriesTableViewController.m */,
				15AE48E21996871700AD9DB2 /* ISManagePolicyTableViewController.h */,
				15AE48E31996871700AD9DB2 /* ISManagePolicyTableViewController.m */,
				15AE48E619968C7B00AD9DB2 /* ISManageClaimTableViewController.h */,
				15AE48E519968C7B00AD9DB2 /* ISManageClaimTableViewController.m */,
				15AE48E919968F1200AD9DB2 /* ISRiskTipsTableViewController.h */,
				15AE48E819968F1200AD9DB2 /* ISRiskTipsTableViewController.m */,
				151F26D2198B5C320076F453 /* ISHomeViewController.h */,
				151F26D3198B5C320076F453 /* ISHomeViewController.m */,
				15AE48EB19977B5400AD9DB2 /* ISCalendarCell.h */,
				15AE48EC19977B5400AD9DB2 /* ISCalendarCell.m */,
				15D6E8AC1992999D00D60812 /* ISProfileTableViewController.h */,
				15D6E8AD1992999D00D60812 /* ISProfileTableViewController.m */,
				15AE49191997E57100AD9DB2 /* Event by Categories */,
				15AE49011997B61C00AD9DB2 /* ISManagePolicyDetailTableViewController.h */,
				15AE49021997B61C00AD9DB2 /* ISManagePolicyDetailTableViewController.m */,
				15AE49071997BD5000AD9DB2 /* ISManagePolicyObjectsTableViewController.h */,
				15AE49081997BD5000AD9DB2 /* ISManagePolicyObjectsTableViewController.m */,
				15AE49101997CC7D00AD9DB2 /* ISPremiumBudgetTableViewController.h */,
				15AE49111997CC7D00AD9DB2 /* ISPremiumBudgetTableViewController.m */,
				15AE49161997DBFD00AD9DB2 /* ISMonthlyPremiumBudgetTableViewController.h */,
				15AE49171997DBFD00AD9DB2 /* ISMonthlyPremiumBudgetTableViewController.m */,
				15AE490A1997C64100AD9DB2 /* ISManageClaimDetailTableViewController.h */,
				15AE490B1997C64100AD9DB2 /* ISManageClaimDetailTableViewController.m */,
				15AE491A1997E5D300AD9DB2 /* TableViewCells */,
				15AE49001997A45B00AD9DB2 /* vendors */,
			);
			path = Astra;
			sourceTree = "<group>";
		};
		151F26A7198B5B980076F453 /* Supporting Files */ = {
			isa = PBXGroup;
			children = (
				151F26A8198B5B980076F453 /* Astra-Info.plist */,
				151F26A9198B5B980076F453 /* InfoPlist.strings */,
				151F26AC198B5B980076F453 /* main.m */,
				151F26AE198B5B980076F453 /* Astra-Prefix.pch */,
			);
			name = "Supporting Files";
			sourceTree = "<group>";
		};
		151F26BF198B5B990076F453 /* AstraTests */ = {
			isa = PBXGroup;
			children = (
				151F26C5198B5B990076F453 /* AstraTests.m */,
				151F26C0198B5B990076F453 /* Supporting Files */,
			);
			path = AstraTests;
			sourceTree = "<group>";
		};
		151F26C0198B5B990076F453 /* Supporting Files */ = {
			isa = PBXGroup;
			children = (
				151F26C1198B5B990076F453 /* AstraTests-Info.plist */,
				151F26C2198B5B990076F453 /* InfoPlist.strings */,
			);
			name = "Supporting Files";
			sourceTree = "<group>";
		};
		154F33D1198FEA4500A3281E /* RDVCalendarView */ = {
			isa = PBXGroup;
			children = (
				154F33D2198FEA4500A3281E /* RDVCalendarDayCell.h */,
				154F33D3198FEA4500A3281E /* RDVCalendarDayCell.m */,
				154F33D4198FEA4500A3281E /* RDVCalendarView.h */,
				154F33D5198FEA4500A3281E /* RDVCalendarView.m */,
				154F33D6198FEA4500A3281E /* RDVCalendarViewController.h */,
				154F33D7198FEA4500A3281E /* RDVCalendarViewController.m */,
			);
			path = RDVCalendarView;
			sourceTree = "<group>";
		};
		15AE48F119979C5700AD9DB2 /* ALActionBlocks */ = {
			isa = PBXGroup;
			children = (
				15AE48F219979C5700AD9DB2 /* ALActionBlock.h */,
				15AE48F319979C5700AD9DB2 /* ALActionBlocks.h */,
				15AE48F419979C5700AD9DB2 /* ALActionBlockWrapper.h */,
				15AE48F519979C5700AD9DB2 /* ALActionBlockWrapper.m */,
				15AE48F619979C5700AD9DB2 /* UIBarButtonItem+ALActionBlocks.h */,
				15AE48F719979C5700AD9DB2 /* UIBarButtonItem+ALActionBlocks.m */,
				15AE48F819979C5700AD9DB2 /* UIControl+ALActionBlocks.h */,
				15AE48F919979C5700AD9DB2 /* UIControl+ALActionBlocks.m */,
				15AE48FA19979C5700AD9DB2 /* UIGestureRecognizer+ALActionBlocks.h */,
				15AE48FB19979C5700AD9DB2 /* UIGestureRecognizer+ALActionBlocks.m */,
			);
			path = ALActionBlocks;
			sourceTree = "<group>";
		};
		15AE49001997A45B00AD9DB2 /* vendors */ = {
			isa = PBXGroup;
			children = (
				151F26DB198C14F60076F453 /* FCActionSheet.h */,
				151F26DC198C14F60076F453 /* FCActionSheet.m */,
				15AE48EE19979B8200AD9DB2 /* CMPopTipView.h */,
				15AE48EF19979B8200AD9DB2 /* CMPopTipView.m */,
				15AE48F119979C5700AD9DB2 /* ALActionBlocks */,
				154F33D1198FEA4500A3281E /* RDVCalendarView */,
			);
			name = vendors;
			sourceTree = "<group>";
		};
		15AE49191997E57100AD9DB2 /* Event by Categories */ = {
			isa = PBXGroup;
			children = (
				15AE48D9199543A200AD9DB2 /* ISEventOffriskTableViewController.h */,
				15AE48DA199543A200AD9DB2 /* ISEventOffriskTableViewController.m */,
				15AE48E019955CB600AD9DB2 /* ISEventRenewalTableViewController.h */,
				15AE48DF19955CB600AD9DB2 /* ISEventRenewalTableViewController.m */,
			);
			name = "Event by Categories";
			sourceTree = "<group>";
		};
		15AE491A1997E5D300AD9DB2 /* TableViewCells */ = {
			isa = PBXGroup;
			children = (
				15D6E8AF1992A1AF00D60812 /* ISProfileTableViewCell.h */,
				15D6E8B01992A1AF00D60812 /* ISProfileTableViewCell.m */,
				15AE48DD19954B4F00AD9DB2 /* IS6ColTableViewCell.h */,
				15AE48DC19954B4F00AD9DB2 /* IS6ColTableViewCell.m */,
				15AE49041997BAC300AD9DB2 /* IS5ColTableViewCell.h */,
				15AE49051997BAC300AD9DB2 /* IS5ColTableViewCell.m */,
				15AE490D1997C9D800AD9DB2 /* IS7ColTableViewCell.h */,
				15AE490E1997C9D800AD9DB2 /* IS7ColTableViewCell.m */,
				15AE49131997D7F800AD9DB2 /* IS4ColTableViewCell.h */,
				15AE49141997D7F800AD9DB2 /* IS4ColTableViewCell.m */,
			);
			name = TableViewCells;
			sourceTree = "<group>";
		};
/* End PBXGroup section */

/* Begin PBXNativeTarget section */
		151F269C198B5B980076F453 /* Astra */ = {
			isa = PBXNativeTarget;
			buildConfigurationList = 151F26C9198B5B990076F453 /* Build configuration list for PBXNativeTarget "Astra" */;
			buildPhases = (
				151F2699198B5B980076F453 /* Sources */,
				151F269A198B5B980076F453 /* Frameworks */,
				151F269B198B5B980076F453 /* Resources */,
			);
			buildRules = (
			);
			dependencies = (
			);
			name = Astra;
			productName = Astra;
			productReference = 151F269D198B5B980076F453 /* Astra.app */;
			productType = "com.apple.product-type.application";
		};
		151F26B7198B5B990076F453 /* AstraTests */ = {
			isa = PBXNativeTarget;
			buildConfigurationList = 151F26CC198B5B990076F453 /* Build configuration list for PBXNativeTarget "AstraTests" */;
			buildPhases = (
				151F26B4198B5B990076F453 /* Sources */,
				151F26B5198B5B990076F453 /* Frameworks */,
				151F26B6198B5B990076F453 /* Resources */,
			);
			buildRules = (
			);
			dependencies = (
				151F26BE198B5B990076F453 /* PBXTargetDependency */,
			);
			name = AstraTests;
			productName = AstraTests;
			productReference = 151F26B8198B5B990076F453 /* AstraTests.xctest */;
			productType = "com.apple.product-type.bundle.unit-test";
		};
/* End PBXNativeTarget section */

/* Begin PBXProject section */
		151F2695198B5B980076F453 /* Project object */ = {
			isa = PBXProject;
			attributes = {
				CLASSPREFIX = IS;
				LastUpgradeCheck = 0510;
				ORGANIZATIONNAME = "Integrasi Solutions";
				TargetAttributes = {
					151F26B7198B5B990076F453 = {
						TestTargetID = 151F269C198B5B980076F453;
					};
				};
			};
			buildConfigurationList = 151F2698198B5B980076F453 /* Build configuration list for PBXProject "Astra" */;
			compatibilityVersion = "Xcode 3.2";
			developmentRegion = English;
			hasScannedForEncodings = 0;
			knownRegions = (
				en,
				id,
			);
			mainGroup = 151F2694198B5B980076F453;
			productRefGroup = 151F269E198B5B980076F453 /* Products */;
			projectDirPath = "";
			projectRoot = "";
			targets = (
				151F269C198B5B980076F453 /* Astra */,
				151F26B7198B5B990076F453 /* AstraTests */,
			);
		};
/* End PBXProject section */

/* Begin PBXResourcesBuildPhase section */
		151F269B198B5B980076F453 /* Resources */ = {
			isa = PBXResourcesBuildPhase;
			buildActionMask = 2147483647;
			files = (
				151F26AB198B5B980076F453 /* InfoPlist.strings in Resources */,
				15D6E8B61992B02400D60812 /* Localizable.strings in Resources */,
				151F26B3198B5B980076F453 /* Images.xcassets in Resources */,
			);
			runOnlyForDeploymentPostprocessing = 0;
		};
		151F26B6198B5B990076F453 /* Resources */ = {
			isa = PBXResourcesBuildPhase;
			buildActionMask = 2147483647;
			files = (
				151F26C4198B5B990076F453 /* InfoPlist.strings in Resources */,
			);
			runOnlyForDeploymentPostprocessing = 0;
		};
/* End PBXResourcesBuildPhase section */

/* Begin PBXSourcesBuildPhase section */
		151F2699198B5B980076F453 /* Sources */ = {
			isa = PBXSourcesBuildPhase;
			buildActionMask = 2147483647;
			files = (
				151F26B1198B5B980076F453 /* ISAppDelegate.m in Sources */,
				15AE49151997D7F800AD9DB2 /* IS4ColTableViewCell.m in Sources */,
				15AE48E719968C7B00AD9DB2 /* ISManageClaimTableViewController.m in Sources */,
				15AE49091997BD5000AD9DB2 /* ISManagePolicyObjectsTableViewController.m in Sources */,
				15AE49031997B61C00AD9DB2 /* ISManagePolicyDetailTableViewController.m in Sources */,
				15AE48FD19979C5700AD9DB2 /* UIBarButtonItem+ALActionBlocks.m in Sources */,
				15EBC8251993FF720011F765 /* ISLanguageTableViewController.m in Sources */,
				154F33DA198FEA4500A3281E /* RDVCalendarViewController.m in Sources */,
				15AE490F1997C9D800AD9DB2 /* IS7ColTableViewCell.m in Sources */,
				15D6E8B11992A1AF00D60812 /* ISProfileTableViewCell.m in Sources */,
				15AE48F019979B8200AD9DB2 /* CMPopTipView.m in Sources */,
				15AE48FE19979C5700AD9DB2 /* UIControl+ALActionBlocks.m in Sources */,
				15AE48FF19979C5700AD9DB2 /* UIGestureRecognizer+ALActionBlocks.m in Sources */,
				15AE49181997DBFD00AD9DB2 /* ISMonthlyPremiumBudgetTableViewController.m in Sources */,
				151F26D4198B5C320076F453 /* ISHomeViewController.m in Sources */,
				15AE48DE19954B4F00AD9DB2 /* IS6ColTableViewCell.m in Sources */,
				15AE48E41996871700AD9DB2 /* ISManagePolicyTableViewController.m in Sources */,
				151F26DA198B9AFE0076F453 /* ISCategoriesTableViewController.m in Sources */,
				15AE48DB199543A200AD9DB2 /* ISEventOffriskTableViewController.m in Sources */,
				15AE48FC19979C5700AD9DB2 /* ALActionBlockWrapper.m in Sources */,
				15AE48E119955CB600AD9DB2 /* ISEventRenewalTableViewController.m in Sources */,
				151F26D7198B5E9D0076F453 /* ISMainTableViewController.m in Sources */,
				151F26DD198C14F60076F453 /* FCActionSheet.m in Sources */,
				154F33D9198FEA4500A3281E /* RDVCalendarView.m in Sources */,
				154F33D8198FEA4500A3281E /* RDVCalendarDayCell.m in Sources */,
				15D6E8AE1992999D00D60812 /* ISProfileTableViewController.m in Sources */,
				15AE48ED19977B5400AD9DB2 /* ISCalendarCell.m in Sources */,
				15AE490C1997C64100AD9DB2 /* ISManageClaimDetailTableViewController.m in Sources */,
				151F26AD198B5B980076F453 /* main.m in Sources */,
				15AE48EA19968F1200AD9DB2 /* ISRiskTipsTableViewController.m in Sources */,
				15AE49061997BAC300AD9DB2 /* IS5ColTableViewCell.m in Sources */,
				15AE49121997CC7D00AD9DB2 /* ISPremiumBudgetTableViewController.m in Sources */,
			);
			runOnlyForDeploymentPostprocessing = 0;
		};
		151F26B4198B5B990076F453 /* Sources */ = {
			isa = PBXSourcesBuildPhase;
			buildActionMask = 2147483647;
			files = (
				151F26C6198B5B990076F453 /* AstraTests.m in Sources */,
			);
			runOnlyForDeploymentPostprocessing = 0;
		};
/* End PBXSourcesBuildPhase section */

/* Begin PBXTargetDependency section */
		151F26BE198B5B990076F453 /* PBXTargetDependency */ = {
			isa = PBXTargetDependency;
			target = 151F269C198B5B980076F453 /* Astra */;
			targetProxy = 151F26BD198B5B990076F453 /* PBXContainerItemProxy */;
		};
/* End PBXTargetDependency section */

/* Begin PBXVariantGroup section */
		151F26A9198B5B980076F453 /* InfoPlist.strings */ = {
			isa = PBXVariantGroup;
			children = (
				151F26AA198B5B980076F453 /* en */,
				15D6E8B41992AFCC00D60812 /* id */,
			);
			name = InfoPlist.strings;
			sourceTree = "<group>";
		};
		151F26C2198B5B990076F453 /* InfoPlist.strings */ = {
			isa = PBXVariantGroup;
			children = (
				151F26C3198B5B990076F453 /* en */,
				15D6E8B51992AFCC00D60812 /* id */,
			);
			name = InfoPlist.strings;
			sourceTree = "<group>";
		};
		15D6E8B81992B02400D60812 /* Localizable.strings */ = {
			isa = PBXVariantGroup;
			children = (
				15D6E8B71992B02400D60812 /* en */,
				15D6E8B91992B05B00D60812 /* id */,
			);
			name = Localizable.strings;
			sourceTree = "<group>";
		};
/* End PBXVariantGroup section */

/* Begin XCBuildConfiguration section */
		151F26C7198B5B990076F453 /* Debug */ = {
			isa = XCBuildConfiguration;
			buildSettings = {
				ALWAYS_SEARCH_USER_PATHS = NO;
				CLANG_CXX_LANGUAGE_STANDARD = "gnu++0x";
				CLANG_CXX_LIBRARY = "libc++";
				CLANG_ENABLE_MODULES = YES;
				CLANG_ENABLE_OBJC_ARC = YES;
				CLANG_WARN_BOOL_CONVERSION = YES;
				CLANG_WARN_CONSTANT_CONVERSION = YES;
				CLANG_WARN_DIRECT_OBJC_ISA_USAGE = YES_ERROR;
				CLANG_WARN_EMPTY_BODY = YES;
				CLANG_WARN_ENUM_CONVERSION = YES;
				CLANG_WARN_INT_CONVERSION = YES;
				CLANG_WARN_OBJC_ROOT_CLASS = YES_ERROR;
				CLANG_WARN__DUPLICATE_METHOD_MATCH = YES;
				"CODE_SIGN_IDENTITY[sdk=iphoneos*]" = "iPhone Developer";
				COPY_PHASE_STRIP = NO;
				GCC_C_LANGUAGE_STANDARD = gnu99;
				GCC_DYNAMIC_NO_PIC = NO;
				GCC_OPTIMIZATION_LEVEL = 0;
				GCC_PREPROCESSOR_DEFINITIONS = (
					"DEBUG=1",
					"$(inherited)",
				);
				GCC_SYMBOLS_PRIVATE_EXTERN = NO;
				GCC_WARN_64_TO_32_BIT_CONVERSION = YES;
				GCC_WARN_ABOUT_RETURN_TYPE = YES_ERROR;
				GCC_WARN_UNDECLARED_SELECTOR = YES;
				GCC_WARN_UNINITIALIZED_AUTOS = YES_AGGRESSIVE;
				GCC_WARN_UNUSED_FUNCTION = YES;
				GCC_WARN_UNUSED_VARIABLE = YES;
				IPHONEOS_DEPLOYMENT_TARGET = 7.1;
				ONLY_ACTIVE_ARCH = YES;
				SDKROOT = iphoneos;
				TARGETED_DEVICE_FAMILY = 2;
			};
			name = Debug;
		};
		151F26C8198B5B990076F453 /* Release */ = {
			isa = XCBuildConfiguration;
			buildSettings = {
				ALWAYS_SEARCH_USER_PATHS = NO;
				CLANG_CXX_LANGUAGE_STANDARD = "gnu++0x";
				CLANG_CXX_LIBRARY = "libc++";
				CLANG_ENABLE_MODULES = YES;
				CLANG_ENABLE_OBJC_ARC = YES;
				CLANG_WARN_BOOL_CONVERSION = YES;
				CLANG_WARN_CONSTANT_CONVERSION = YES;
				CLANG_WARN_DIRECT_OBJC_ISA_USAGE = YES_ERROR;
				CLANG_WARN_EMPTY_BODY = YES;
				CLANG_WARN_ENUM_CONVERSION = YES;
				CLANG_WARN_INT_CONVERSION = YES;
				CLANG_WARN_OBJC_ROOT_CLASS = YES_ERROR;
				CLANG_WARN__DUPLICATE_METHOD_MATCH = YES;
				"CODE_SIGN_IDENTITY[sdk=iphoneos*]" = "iPhone Developer";
				COPY_PHASE_STRIP = YES;
				ENABLE_NS_ASSERTIONS = NO;
				GCC_C_LANGUAGE_STANDARD = gnu99;
				GCC_WARN_64_TO_32_BIT_CONVERSION = YES;
				GCC_WARN_ABOUT_RETURN_TYPE = YES_ERROR;
				GCC_WARN_UNDECLARED_SELECTOR = YES;
				GCC_WARN_UNINITIALIZED_AUTOS = YES_AGGRESSIVE;
				GCC_WARN_UNUSED_FUNCTION = YES;
				GCC_WARN_UNUSED_VARIABLE = YES;
				IPHONEOS_DEPLOYMENT_TARGET = 7.1;
				SDKROOT = iphoneos;
				TARGETED_DEVICE_FAMILY = 2;
				VALIDATE_PRODUCT = YES;
			};
			name = Release;
		};
		151F26CA198B5B990076F453 /* Debug */ = {
			isa = XCBuildConfiguration;
			buildSettings = {
				ASSETCATALOG_COMPILER_APPICON_NAME = AppIcon;
				ASSETCATALOG_COMPILER_LAUNCHIMAGE_NAME = LaunchImage;
				GCC_PRECOMPILE_PREFIX_HEADER = YES;
				GCC_PREFIX_HEADER = "Astra/Astra-Prefix.pch";
				INFOPLIST_FILE = "Astra/Astra-Info.plist";
				IPHONEOS_DEPLOYMENT_TARGET = 7.0;
				PRODUCT_NAME = "$(TARGET_NAME)";
				WRAPPER_EXTENSION = app;
			};
			name = Debug;
		};
		151F26CB198B5B990076F453 /* Release */ = {
			isa = XCBuildConfiguration;
			buildSettings = {
				ASSETCATALOG_COMPILER_APPICON_NAME = AppIcon;
				ASSETCATALOG_COMPILER_LAUNCHIMAGE_NAME = LaunchImage;
				GCC_PRECOMPILE_PREFIX_HEADER = YES;
				GCC_PREFIX_HEADER = "Astra/Astra-Prefix.pch";
				INFOPLIST_FILE = "Astra/Astra-Info.plist";
				IPHONEOS_DEPLOYMENT_TARGET = 7.0;
				PRODUCT_NAME = "$(TARGET_NAME)";
				WRAPPER_EXTENSION = app;
			};
			name = Release;
		};
		151F26CD198B5B990076F453 /* Debug */ = {
			isa = XCBuildConfiguration;
			buildSettings = {
				BUNDLE_LOADER = "$(BUILT_PRODUCTS_DIR)/Astra.app/Astra";
				FRAMEWORK_SEARCH_PATHS = (
					"$(SDKROOT)/Developer/Library/Frameworks",
					"$(inherited)",
					"$(DEVELOPER_FRAMEWORKS_DIR)",
				);
				GCC_PRECOMPILE_PREFIX_HEADER = YES;
				GCC_PREFIX_HEADER = "Astra/Astra-Prefix.pch";
				GCC_PREPROCESSOR_DEFINITIONS = (
					"DEBUG=1",
					"$(inherited)",
				);
				INFOPLIST_FILE = "AstraTests/AstraTests-Info.plist";
				PRODUCT_NAME = "$(TARGET_NAME)";
				TEST_HOST = "$(BUNDLE_LOADER)";
				WRAPPER_EXTENSION = xctest;
			};
			name = Debug;
		};
		151F26CE198B5B990076F453 /* Release */ = {
			isa = XCBuildConfiguration;
			buildSettings = {
				BUNDLE_LOADER = "$(BUILT_PRODUCTS_DIR)/Astra.app/Astra";
				FRAMEWORK_SEARCH_PATHS = (
					"$(SDKROOT)/Developer/Library/Frameworks",
					"$(inherited)",
					"$(DEVELOPER_FRAMEWORKS_DIR)",
				);
				GCC_PRECOMPILE_PREFIX_HEADER = YES;
				GCC_PREFIX_HEADER = "Astra/Astra-Prefix.pch";
				INFOPLIST_FILE = "AstraTests/AstraTests-Info.plist";
				PRODUCT_NAME = "$(TARGET_NAME)";
				TEST_HOST = "$(BUNDLE_LOADER)";
				WRAPPER_EXTENSION = xctest;
			};
			name = Release;
		};
/* End XCBuildConfiguration section */

/* Begin XCConfigurationList section */
		151F2698198B5B980076F453 /* Build configuration list for PBXProject "Astra" */ = {
			isa = XCConfigurationList;
			buildConfigurations = (
				151F26C7198B5B990076F453 /* Debug */,
				151F26C8198B5B990076F453 /* Release */,
			);
			defaultConfigurationIsVisible = 0;
			defaultConfigurationName = Release;
		};
		151F26C9198B5B990076F453 /* Build configuration list for PBXNativeTarget "Astra" */ = {
			isa = XCConfigurationList;
			buildConfigurations = (
				151F26CA198B5B990076F453 /* Debug */,
				151F26CB198B5B990076F453 /* Release */,
			);
			defaultConfigurationIsVisible = 0;
			defaultConfigurationName = Release;
		};
		151F26CC198B5B990076F453 /* Build configuration list for PBXNativeTarget "AstraTests" */ = {
			isa = XCConfigurationList;
			buildConfigurations = (
				151F26CD198B5B990076F453 /* Debug */,
				151F26CE198B5B990076F453 /* Release */,
			);
			defaultConfigurationIsVisible = 0;
			defaultConfigurationName = Release;
		};
/* End XCConfigurationList section */
	};
	rootObject = 151F2695198B5B980076F453 /* Project object */;
}
